
Microsoft Visual Studio Solution File, Format Version 12.00
# Visual Studio Version 16
VisualStudioVersion = 16.0.30621.155
MinimumVisualStudioVersion = 10.0.40219.1
Project("{FAE04EC0-301F-11D3-BF4B-00C04F79EFBC}") = "AoC_2020", "AoC_2020\AoC_2020.csproj", "{78FCD087-1687-456E-8090-007195B8D595}"
EndProject
Global
	GlobalSection(SolutionConfigurationPlatforms) = preSolution
		Debug|Any CPU = Debug|Any CPU
		Release|Any CPU = Release|Any CPU
	EndGlobalSection
	GlobalSection(ProjectConfigurationPlatforms) = postSolution
		{78FCD087-1687-456E-8090-007195B8D595}.Debug|Any CPU.ActiveCfg = Debug|Any CPU
		{78FCD087-1687-456E-8090-007195B8D595}.Debug|Any CPU.Build.0 = Debug|Any CPU
		{78FCD087-1687-456E-8090-007195B8D595}.Release|Any CPU.ActiveCfg = Release|Any CPU
		{78FCD087-1687-456E-8090-007195B8D595}.Release|Any CPU.Build.0 = Release|Any CPU
	EndGlobalSection
	GlobalSection(SolutionProperties) = preSolution
		HideSolutionNode = FALSE
	EndGlobalSection
	GlobalSection(ExtensibilityGlobals) = postSolution
		SolutionGuid = {D4F93411-7C65-472E-8075-470B968E544C}
	EndGlobalSection
EndGlobal
